
Microsoft Visual Studio Solution File, Format Version 12.00
# Visual Studio 15
VisualStudioVersion = 15.0.28010.2016
MinimumVisualStudioVersion = 10.0.40219.1
Project("{FAE04EC0-301F-11D3-BF4B-00C04F79EFBC}") = "Mass Renamer", "Mass Renamer\Mass Renamer.csproj", "{553CE337-B835-4535-A971-F1A665500440}"
EndProject
Global
	GlobalSection(SolutionConfigurationPlatforms) = preSolution
		Debug|Any CPU = Debug|Any CPU
		Release|Any CPU = Release|Any CPU
	EndGlobalSection
	GlobalSection(ProjectConfigurationPlatforms) = postSolution
		{553CE337-B835-4535-A971-F1A665500440}.Debug|Any CPU.ActiveCfg = Debug|Any CPU
		{553CE337-B835-4535-A971-F1A665500440}.Debug|Any CPU.Build.0 = Debug|Any CPU
		{553CE337-B835-4535-A971-F1A665500440}.Release|Any CPU.ActiveCfg = Release|Any CPU
		{553CE337-B835-4535-A971-F1A665500440}.Release|Any CPU.Build.0 = Release|Any CPU
	EndGlobalSection
	GlobalSection(SolutionProperties) = preSolution
		HideSolutionNode = FALSE
	EndGlobalSection
	GlobalSection(ExtensibilityGlobals) = postSolution
		SolutionGuid = {A4B680A6-A402-430D-B4F2-7F2051EC9422}
	EndGlobalSection
EndGlobal
